// !$*UTF8*$!
{
	archiveVersion = 1;
	classes = {
	};
	objectVersion = 46;
	objects = {

/* Begin PBXBuildFile section */
		7B8360A61CD1AC7500D069FD /* atomo.h in Sources */ = {isa = PBXBuildFile; fileRef = 7B8360A51CD1AC7500D069FD /* atomo.h */; };
		7B8360A91CD1ADE100D069FD /* lista_atomo.c in Sources */ = {isa = PBXBuildFile; fileRef = 7B8360A71CD1ADE100D069FD /* lista_atomo.c */; };
		7BAA61E91CD059750054ABC0 /* definitions.c in Sources */ = {isa = PBXBuildFile; fileRef = 7BAA61E71CD059750054ABC0 /* definitions.c */; };
		7BAA61EC1CD059B80054ABC0 /* analex.c in Sources */ = {isa = PBXBuildFile; fileRef = 7BAA61EA1CD059B80054ABC0 /* analex.c */; };
		7BAA61EF1CD05C920054ABC0 /* hashtable.c in Sources */ = {isa = PBXBuildFile; fileRef = 7BAA61ED1CD05C920054ABC0 /* hashtable.c */; };
		7BE8B9581CD19EB100A515AB /* main.c in Sources */ = {isa = PBXBuildFile; fileRef = 7BE8B9571CD19EB100A515AB /* main.c */; };
/* End PBXBuildFile section */

/* Begin PBXCopyFilesBuildPhase section */
		7BAA61D81CD059200054ABC0 /* CopyFiles */ = {
			isa = PBXCopyFilesBuildPhase;
			buildActionMask = 2147483647;
			dstPath = /usr/share/man/man1/;
			dstSubfolderSpec = 0;
			files = (
			);
			runOnlyForDeploymentPostprocessing = 1;
		};
/* End PBXCopyFilesBuildPhase section */

/* Begin PBXFileReference section */
		7B8360A51CD1AC7500D069FD /* atomo.h */ = {isa = PBXFileReference; lastKnownFileType = sourcecode.c.h; path = atomo.h; sourceTree = "<group>"; };
		7B8360A71CD1ADE100D069FD /* lista_atomo.c */ = {isa = PBXFileReference; fileEncoding = 4; lastKnownFileType = sourcecode.c.c; path = lista_atomo.c; sourceTree = "<group>"; };
		7B8360A81CD1ADE100D069FD /* lista_atomo.h */ = {isa = PBXFileReference; fileEncoding = 4; lastKnownFileType = sourcecode.c.h; path = lista_atomo.h; sourceTree = "<group>"; };
		7BAA61DA1CD059200054ABC0 /* Anal */ = {isa = PBXFileReference; explicitFileType = "compiled.mach-o.executable"; includeInIndex = 0; path = Anal; sourceTree = BUILT_PRODUCTS_DIR; };
		7BAA61E71CD059750054ABC0 /* definitions.c */ = {isa = PBXFileReference; fileEncoding = 4; lastKnownFileType = sourcecode.c.c; path = definitions.c; sourceTree = "<group>"; };
		7BAA61E81CD059750054ABC0 /* definitions.h */ = {isa = PBXFileReference; fileEncoding = 4; lastKnownFileType = sourcecode.c.h; path = definitions.h; sourceTree = "<group>"; };
		7BAA61EA1CD059B80054ABC0 /* analex.c */ = {isa = PBXFileReference; fileEncoding = 4; lastKnownFileType = sourcecode.c.c; path = analex.c; sourceTree = "<group>"; };
		7BAA61EB1CD059B80054ABC0 /* analex.h */ = {isa = PBXFileReference; fileEncoding = 4; lastKnownFileType = sourcecode.c.h; path = analex.h; sourceTree = "<group>"; };
		7BAA61ED1CD05C920054ABC0 /* hashtable.c */ = {isa = PBXFileReference; fileEncoding = 4; lastKnownFileType = sourcecode.c.c; path = hashtable.c; sourceTree = "<group>"; };
		7BAA61EE1CD05C920054ABC0 /* hashtable.h */ = {isa = PBXFileReference; fileEncoding = 4; lastKnownFileType = sourcecode.c.h; path = hashtable.h; sourceTree = "<group>"; };
		7BE8B9571CD19EB100A515AB /* main.c */ = {isa = PBXFileReference; fileEncoding = 4; lastKnownFileType = sourcecode.c.c; path = main.c; sourceTree = "<group>"; };
		7BE8B95A1CD19FD700A515AB /* variavel.h */ = {isa = PBXFileReference; fileEncoding = 4; lastKnownFileType = sourcecode.c.h; path = variavel.h; sourceTree = "<group>"; };
		7BE8B95D1CD1A02E00A515AB /* parametros.h */ = {isa = PBXFileReference; fileEncoding = 4; lastKnownFileType = sourcecode.c.h; path = parametros.h; sourceTree = "<group>"; };
		7BE8B9601CD1A0C100A515AB /* procedimentos.h */ = {isa = PBXFileReference; fileEncoding = 4; lastKnownFileType = sourcecode.c.h; path = procedimentos.h; sourceTree = "<group>"; };
		7BE8B9631CD1A75A00A515AB /* funcoes.h */ = {isa = PBXFileReference; fileEncoding = 4; lastKnownFileType = sourcecode.c.h; path = funcoes.h; sourceTree = "<group>"; };
/* End PBXFileReference section */

/* Begin PBXFrameworksBuildPhase section */
		7BAA61D71CD059200054ABC0 /* Frameworks */ = {
			isa = PBXFrameworksBuildPhase;
			buildActionMask = 2147483647;
			files = (
			);
			runOnlyForDeploymentPostprocessing = 0;
		};
/* End PBXFrameworksBuildPhase section */

/* Begin PBXGroup section */
		7BAA61D11CD059200054ABC0 = {
			isa = PBXGroup;
			children = (
				7B8360A71CD1ADE100D069FD /* lista_atomo.c */,
				7B8360A81CD1ADE100D069FD /* lista_atomo.h */,
				7B8360A51CD1AC7500D069FD /* atomo.h */,
				7BE8B95A1CD19FD700A515AB /* variavel.h */,
				7BE8B95D1CD1A02E00A515AB /* parametros.h */,
				7BE8B9601CD1A0C100A515AB /* procedimentos.h */,
				7BE8B9631CD1A75A00A515AB /* funcoes.h */,
				7BAA61DC1CD059200054ABC0 /* Anal */,
				7BAA61DB1CD059200054ABC0 /* Products */,
				7BE8B9571CD19EB100A515AB /* main.c */,
				7BAA61EA1CD059B80054ABC0 /* analex.c */,
				7BAA61EB1CD059B80054ABC0 /* analex.h */,
				7BAA61ED1CD05C920054ABC0 /* hashtable.c */,
				7BAA61EE1CD05C920054ABC0 /* hashtable.h */,
				7BAA61E71CD059750054ABC0 /* definitions.c */,
				7BAA61E81CD059750054ABC0 /* definitions.h */,
			);
			sourceTree = "<group>";
		};
		7BAA61DB1CD059200054ABC0 /* Products */ = {
			isa = PBXGroup;
			children = (
				7BAA61DA1CD059200054ABC0 /* Anal */,
			);
			name = Products;
			sourceTree = "<group>";
		};
		7BAA61DC1CD059200054ABC0 /* Anal */ = {
			isa = PBXGroup;
			children = (
			);
			path = Anal;
			sourceTree = "<group>";
		};
/* End PBXGroup section */

/* Begin PBXNativeTarget section */
		7BAA61D91CD059200054ABC0 /* Anal */ = {
			isa = PBXNativeTarget;
			buildConfigurationList = 7BAA61E11CD059200054ABC0 /* Build configuration list for PBXNativeTarget "Anal" */;
			buildPhases = (
				7BAA61D61CD059200054ABC0 /* Sources */,
				7BAA61D71CD059200054ABC0 /* Frameworks */,
				7BAA61D81CD059200054ABC0 /* CopyFiles */,
			);
			buildRules = (
			);
			dependencies = (
			);
			name = Anal;
			productName = Anal;
			productReference = 7BAA61DA1CD059200054ABC0 /* Anal */;
			productType = "com.apple.product-type.tool";
		};
/* End PBXNativeTarget section */

/* Begin PBXProject section */
		7BAA61D21CD059200054ABC0 /* Project object */ = {
			isa = PBXProject;
			attributes = {
				LastUpgradeCheck = 0730;
				ORGANIZATIONNAME = "Joao Sisanoski";
				TargetAttributes = {
					7BAA61D91CD059200054ABC0 = {
						CreatedOnToolsVersion = 7.3;
					};
				};
			};
			buildConfigurationList = 7BAA61D51CD059200054ABC0 /* Build configuration list for PBXProject "Anal" */;
			compatibilityVersion = "Xcode 3.2";
			developmentRegion = English;
			hasScannedForEncodings = 0;
			knownRegions = (
				en,
			);
			mainGroup = 7BAA61D11CD059200054ABC0;
			productRefGroup = 7BAA61DB1CD059200054ABC0 /* Products */;
			projectDirPath = "";
			projectRoot = "";
			targets = (
				7BAA61D91CD059200054ABC0 /* Anal */,
			);
		};
/* End PBXProject section */

/* Begin PBXSourcesBuildPhase section */
		7BAA61D61CD059200054ABC0 /* Sources */ = {
			isa = PBXSourcesBuildPhase;
			buildActionMask = 2147483647;
			files = (
				7B8360A61CD1AC7500D069FD /* atomo.h in Sources */,
				7BE8B9581CD19EB100A515AB /* main.c in Sources */,
				7BAA61E91CD059750054ABC0 /* definitions.c in Sources */,
				7B8360A91CD1ADE100D069FD /* lista_atomo.c in Sources */,
				7BAA61EF1CD05C920054ABC0 /* hashtable.c in Sources */,
				7BAA61EC1CD059B80054ABC0 /* analex.c in Sources */,
			);
			runOnlyForDeploymentPostprocessing = 0;
		};
/* End PBXSourcesBuildPhase section */

/* Begin XCBuildConfiguration section */
		7BAA61DF1CD059200054ABC0 /* Debug */ = {
			isa = XCBuildConfiguration;
			buildSettings = {
				ALWAYS_SEARCH_USER_PATHS = NO;
				CLANG_ANALYZER_NONNULL = YES;
				CLANG_CXX_LANGUAGE_STANDARD = "gnu++0x";
				CLANG_CXX_LIBRARY = "libc++";
				CLANG_ENABLE_MODULES = YES;
				CLANG_ENABLE_OBJC_ARC = YES;
				CLANG_WARN_BOOL_CONVERSION = YES;
				CLANG_WARN_CONSTANT_CONVERSION = YES;
				CLANG_WARN_DIRECT_OBJC_ISA_USAGE = YES_ERROR;
				CLANG_WARN_EMPTY_BODY = YES;
				CLANG_WARN_ENUM_CONVERSION = YES;
				CLANG_WARN_INT_CONVERSION = YES;
				CLANG_WARN_OBJC_ROOT_CLASS = YES_ERROR;
				CLANG_WARN_UNREACHABLE_CODE = YES;
				CLANG_WARN__DUPLICATE_METHOD_MATCH = YES;
				CODE_SIGN_IDENTITY = "-";
				COPY_PHASE_STRIP = NO;
				DEBUG_INFORMATION_FORMAT = dwarf;
				ENABLE_STRICT_OBJC_MSGSEND = YES;
				ENABLE_TESTABILITY = YES;
				GCC_C_LANGUAGE_STANDARD = gnu99;
				GCC_DYNAMIC_NO_PIC = NO;
				GCC_NO_COMMON_BLOCKS = YES;
				GCC_OPTIMIZATION_LEVEL = 0;
				GCC_PREPROCESSOR_DEFINITIONS = (
					"DEBUG=1",
					"$(inherited)",
				);
				GCC_WARN_64_TO_32_BIT_CONVERSION = YES;
				GCC_WARN_ABOUT_RETURN_TYPE = YES_ERROR;
				GCC_WARN_UNDECLARED_SELECTOR = YES;
				GCC_WARN_UNINITIALIZED_AUTOS = YES_AGGRESSIVE;
				GCC_WARN_UNUSED_FUNCTION = YES;
				GCC_WARN_UNUSED_VARIABLE = YES;
				MACOSX_DEPLOYMENT_TARGET = 10.11;
				MTL_ENABLE_DEBUG_INFO = YES;
				ONLY_ACTIVE_ARCH = YES;
				SDKROOT = macosx;
			};
			name = Debug;
		};
		7BAA61E01CD059200054ABC0 /* Release */ = {
			isa = XCBuildConfiguration;
			buildSettings = {
				ALWAYS_SEARCH_USER_PATHS = NO;
				CLANG_ANALYZER_NONNULL = YES;
				CLANG_CXX_LANGUAGE_STANDARD = "gnu++0x";
				CLANG_CXX_LIBRARY = "libc++";
				CLANG_ENABLE_MODULES = YES;
				CLANG_ENABLE_OBJC_ARC = YES;
				CLANG_WARN_BOOL_CONVERSION = YES;
				CLANG_WARN_CONSTANT_CONVERSION = YES;
				CLANG_WARN_DIRECT_OBJC_ISA_USAGE = YES_ERROR;
				CLANG_WARN_EMPTY_BODY = YES;
				CLANG_WARN_ENUM_CONVERSION = YES;
				CLANG_WARN_INT_CONVERSION = YES;
				CLANG_WARN_OBJC_ROOT_CLASS = YES_ERROR;
				CLANG_WARN_UNREACHABLE_CODE = YES;
				CLANG_WARN__DUPLICATE_METHOD_MATCH = YES;
				CODE_SIGN_IDENTITY = "-";
				COPY_PHASE_STRIP = NO;
				DEBUG_INFORMATION_FORMAT = "dwarf-with-dsym";
				ENABLE_NS_ASSERTIONS = NO;
				ENABLE_STRICT_OBJC_MSGSEND = YES;
				GCC_C_LANGUAGE_STANDARD = gnu99;
				GCC_NO_COMMON_BLOCKS = YES;
				GCC_WARN_64_TO_32_BIT_CONVERSION = YES;
				GCC_WARN_ABOUT_RETURN_TYPE = YES_ERROR;
				GCC_WARN_UNDECLARED_SELECTOR = YES;
				GCC_WARN_UNINITIALIZED_AUTOS = YES_AGGRESSIVE;
				GCC_WARN_UNUSED_FUNCTION = YES;
				GCC_WARN_UNUSED_VARIABLE = YES;
				MACOSX_DEPLOYMENT_TARGET = 10.11;
				MTL_ENABLE_DEBUG_INFO = NO;
				SDKROOT = macosx;
			};
			name = Release;
		};
		7BAA61E21CD059200054ABC0 /* Debug */ = {
			isa = XCBuildConfiguration;
			buildSettings = {
				PRODUCT_NAME = "$(TARGET_NAME)";
			};
			name = Debug;
		};
		7BAA61E31CD059200054ABC0 /* Release */ = {
			isa = XCBuildConfiguration;
			buildSettings = {
				PRODUCT_NAME = "$(TARGET_NAME)";
			};
			name = Release;
		};
/* End XCBuildConfiguration section */

/* Begin XCConfigurationList section */
		7BAA61D51CD059200054ABC0 /* Build configuration list for PBXProject "Anal" */ = {
			isa = XCConfigurationList;
			buildConfigurations = (
				7BAA61DF1CD059200054ABC0 /* Debug */,
				7BAA61E01CD059200054ABC0 /* Release */,
			);
			defaultConfigurationIsVisible = 0;
			defaultConfigurationName = Release;
		};
		7BAA61E11CD059200054ABC0 /* Build configuration list for PBXNativeTarget "Anal" */ = {
			isa = XCConfigurationList;
			buildConfigurations = (
				7BAA61E21CD059200054ABC0 /* Debug */,
				7BAA61E31CD059200054ABC0 /* Release */,
			);
			defaultConfigurationIsVisible = 0;
			defaultConfigurationName = Release;
		};
/* End XCConfigurationList section */
	};
	rootObject = 7BAA61D21CD059200054ABC0 /* Project object */;
}
